
Microsoft Visual Studio Solution File, Format Version 12.00
Project("{FAE04EC0-301F-11D3-BF4B-00C04F79EFBC}") = "Mission06_Higby", "Mission06_Higby\Mission06_Higby.csproj", "{071B93CB-DD42-4C14-B28D-F7A058DB3B68}"
EndProject
Global
	GlobalSection(SolutionConfigurationPlatforms) = preSolution
		Debug|Any CPU = Debug|Any CPU
		Release|Any CPU = Release|Any CPU
	EndGlobalSection
	GlobalSection(ProjectConfigurationPlatforms) = postSolution
		{071B93CB-DD42-4C14-B28D-F7A058DB3B68}.Debug|Any CPU.ActiveCfg = Debug|Any CPU
		{071B93CB-DD42-4C14-B28D-F7A058DB3B68}.Debug|Any CPU.Build.0 = Debug|Any CPU
		{071B93CB-DD42-4C14-B28D-F7A058DB3B68}.Release|Any CPU.ActiveCfg = Release|Any CPU
		{071B93CB-DD42-4C14-B28D-F7A058DB3B68}.Release|Any CPU.Build.0 = Release|Any CPU
	EndGlobalSection
EndGlobal
